
Microsoft Visual Studio Solution File, Format Version 12.00
# Visual Studio Version 17
VisualStudioVersion = 17.0.32002.185
MinimumVisualStudioVersion = 10.0.40219.1
Project("{FAE04EC0-301F-11D3-BF4B-00C04F79EFBC}") = "Calculator02", "Calculator\Calculator02.csproj", "{3F8B8E65-DF2F-4B97-B4D0-66A548982D41}"
EndProject
Project("{FAE04EC0-301F-11D3-BF4B-00C04F79EFBC}") = "CalcutorTests", "CalcutorTests\CalcutorTests.csproj", "{D0C17FC7-8EA0-4B78-829F-1903FFE2E0FF}"
EndProject
Global
	GlobalSection(SolutionConfigurationPlatforms) = preSolution
		Debug|Any CPU = Debug|Any CPU
		Release|Any CPU = Release|Any CPU
	EndGlobalSection
	GlobalSection(ProjectConfigurationPlatforms) = postSolution
		{3F8B8E65-DF2F-4B97-B4D0-66A548982D41}.Debug|Any CPU.ActiveCfg = Debug|Any CPU
		{3F8B8E65-DF2F-4B97-B4D0-66A548982D41}.Debug|Any CPU.Build.0 = Debug|Any CPU
		{3F8B8E65-DF2F-4B97-B4D0-66A548982D41}.Release|Any CPU.ActiveCfg = Release|Any CPU
		{3F8B8E65-DF2F-4B97-B4D0-66A548982D41}.Release|Any CPU.Build.0 = Release|Any CPU
		{D0C17FC7-8EA0-4B78-829F-1903FFE2E0FF}.Debug|Any CPU.ActiveCfg = Debug|Any CPU
		{D0C17FC7-8EA0-4B78-829F-1903FFE2E0FF}.Debug|Any CPU.Build.0 = Debug|Any CPU
		{D0C17FC7-8EA0-4B78-829F-1903FFE2E0FF}.Release|Any CPU.ActiveCfg = Release|Any CPU
		{D0C17FC7-8EA0-4B78-829F-1903FFE2E0FF}.Release|Any CPU.Build.0 = Release|Any CPU
	EndGlobalSection
	GlobalSection(SolutionProperties) = preSolution
		HideSolutionNode = FALSE
	EndGlobalSection
	GlobalSection(ExtensibilityGlobals) = postSolution
		SolutionGuid = {20DDE660-48A9-458B-BEEB-A3E14A9DA9B0}
	EndGlobalSection
EndGlobal
