
Microsoft Visual Studio Solution File, Format Version 12.00
# Visual Studio Version 17
VisualStudioVersion = 17.0.32002.185
MinimumVisualStudioVersion = 10.0.40219.1
Project("{FAE04EC0-301F-11D3-BF4B-00C04F79EFBC}") = "Calculator01", "Calculator01\Calculator01.csproj", "{F8706483-793A-47B6-8233-734B80C55885}"
EndProject
Project("{FAE04EC0-301F-11D3-BF4B-00C04F79EFBC}") = "Calc", "CalculatorTests\Calc.csproj", "{924D3100-554E-412E-98A6-2ADD9E74B0FA}"
EndProject
Global
	GlobalSection(SolutionConfigurationPlatforms) = preSolution
		Debug|Any CPU = Debug|Any CPU
		Release|Any CPU = Release|Any CPU
	EndGlobalSection
	GlobalSection(ProjectConfigurationPlatforms) = postSolution
		{F8706483-793A-47B6-8233-734B80C55885}.Debug|Any CPU.ActiveCfg = Debug|Any CPU
		{F8706483-793A-47B6-8233-734B80C55885}.Debug|Any CPU.Build.0 = Debug|Any CPU
		{F8706483-793A-47B6-8233-734B80C55885}.Release|Any CPU.ActiveCfg = Release|Any CPU
		{F8706483-793A-47B6-8233-734B80C55885}.Release|Any CPU.Build.0 = Release|Any CPU
		{924D3100-554E-412E-98A6-2ADD9E74B0FA}.Debug|Any CPU.ActiveCfg = Debug|Any CPU
		{924D3100-554E-412E-98A6-2ADD9E74B0FA}.Debug|Any CPU.Build.0 = Debug|Any CPU
		{924D3100-554E-412E-98A6-2ADD9E74B0FA}.Release|Any CPU.ActiveCfg = Release|Any CPU
		{924D3100-554E-412E-98A6-2ADD9E74B0FA}.Release|Any CPU.Build.0 = Release|Any CPU
	EndGlobalSection
	GlobalSection(SolutionProperties) = preSolution
		HideSolutionNode = FALSE
	EndGlobalSection
	GlobalSection(ExtensibilityGlobals) = postSolution
		SolutionGuid = {331F3CE1-1AF2-4330-8F0D-E680D1246810}
	EndGlobalSection
EndGlobal
