
Microsoft Visual Studio Solution File, Format Version 12.00
# Visual Studio Version 16
VisualStudioVersion = 16.0.32106.194
MinimumVisualStudioVersion = 10.0.40219.1
Project("{FAE04EC0-301F-11D3-BF4B-00C04F79EFBC}") = "EmployeePartialView", "EmployeePartialView\EmployeePartialView.csproj", "{94431F48-3A62-4232-BE19-0C92AD06D7E3}"
EndProject
Global
	GlobalSection(SolutionConfigurationPlatforms) = preSolution
		Debug|Any CPU = Debug|Any CPU
		Release|Any CPU = Release|Any CPU
	EndGlobalSection
	GlobalSection(ProjectConfigurationPlatforms) = postSolution
		{94431F48-3A62-4232-BE19-0C92AD06D7E3}.Debug|Any CPU.ActiveCfg = Debug|Any CPU
		{94431F48-3A62-4232-BE19-0C92AD06D7E3}.Debug|Any CPU.Build.0 = Debug|Any CPU
		{94431F48-3A62-4232-BE19-0C92AD06D7E3}.Release|Any CPU.ActiveCfg = Release|Any CPU
		{94431F48-3A62-4232-BE19-0C92AD06D7E3}.Release|Any CPU.Build.0 = Release|Any CPU
	EndGlobalSection
	GlobalSection(SolutionProperties) = preSolution
		HideSolutionNode = FALSE
	EndGlobalSection
	GlobalSection(ExtensibilityGlobals) = postSolution
		SolutionGuid = {845D7760-0193-4070-A4EB-7C15D08E1224}
	EndGlobalSection
EndGlobal
