
Microsoft Visual Studio Solution File, Format Version 12.00
# Visual Studio Version 17
VisualStudioVersion = 17.0.32112.339
MinimumVisualStudioVersion = 10.0.40219.1
Project("{FAE04EC0-301F-11D3-BF4B-00C04F79EFBC}") = "Handson03", "Handson03\Handson03.csproj", "{339E4347-03DF-4F1E-B591-7D6D5E505DE3}"
EndProject
Global
	GlobalSection(SolutionConfigurationPlatforms) = preSolution
		Debug|Any CPU = Debug|Any CPU
		Release|Any CPU = Release|Any CPU
	EndGlobalSection
	GlobalSection(ProjectConfigurationPlatforms) = postSolution
		{339E4347-03DF-4F1E-B591-7D6D5E505DE3}.Debug|Any CPU.ActiveCfg = Debug|Any CPU
		{339E4347-03DF-4F1E-B591-7D6D5E505DE3}.Debug|Any CPU.Build.0 = Debug|Any CPU
		{339E4347-03DF-4F1E-B591-7D6D5E505DE3}.Release|Any CPU.ActiveCfg = Release|Any CPU
		{339E4347-03DF-4F1E-B591-7D6D5E505DE3}.Release|Any CPU.Build.0 = Release|Any CPU
	EndGlobalSection
	GlobalSection(SolutionProperties) = preSolution
		HideSolutionNode = FALSE
	EndGlobalSection
	GlobalSection(ExtensibilityGlobals) = postSolution
		SolutionGuid = {6EB625CE-0360-4592-8CF4-EB59C7EE97F6}
	EndGlobalSection
EndGlobal
