
Microsoft Visual Studio Solution File, Format Version 12.00
# Visual Studio Version 17
VisualStudioVersion = 17.0.32002.185
MinimumVisualStudioVersion = 10.0.40219.1
Project("{FAE04EC0-301F-11D3-BF4B-00C04F79EFBC}") = "CalculatorWindowApplication", "CalculatorWindowApplication\CalculatorWindowApplication.csproj", "{A10A4F41-0E6B-4957-B011-6E4D086A53DB}"
EndProject
Global
	GlobalSection(SolutionConfigurationPlatforms) = preSolution
		Debug|Any CPU = Debug|Any CPU
		Release|Any CPU = Release|Any CPU
	EndGlobalSection
	GlobalSection(ProjectConfigurationPlatforms) = postSolution
		{A10A4F41-0E6B-4957-B011-6E4D086A53DB}.Debug|Any CPU.ActiveCfg = Debug|Any CPU
		{A10A4F41-0E6B-4957-B011-6E4D086A53DB}.Debug|Any CPU.Build.0 = Debug|Any CPU
		{A10A4F41-0E6B-4957-B011-6E4D086A53DB}.Release|Any CPU.ActiveCfg = Release|Any CPU
		{A10A4F41-0E6B-4957-B011-6E4D086A53DB}.Release|Any CPU.Build.0 = Release|Any CPU
	EndGlobalSection
	GlobalSection(SolutionProperties) = preSolution
		HideSolutionNode = FALSE
	EndGlobalSection
	GlobalSection(ExtensibilityGlobals) = postSolution
		SolutionGuid = {38EB4A5B-5E3C-42E5-A60A-0F1E1E6CDC1A}
	EndGlobalSection
EndGlobal
